// !$*UTF8*$!
{
	archiveVersion = 1;
	classes = {
	};
	objectVersion = 46;
	objects = {

/* Begin PBXBuildFile section */
		477075C2731024C1A8E1B29C /* Pods_HealthoodTests.framework in Frameworks */ = {isa = PBXBuildFile; fileRef = E150DC964CE7D5E012490D99 /* Pods_HealthoodTests.framework */; };
		E0A690388162E7B2623CCD33 /* Pods_Healthood.framework in Frameworks */ = {isa = PBXBuildFile; fileRef = B9D588E6BF39661DA2C78899 /* Pods_Healthood.framework */; };
		F00D0F471F8BBCE7005C2AFD /* String.swift in Sources */ = {isa = PBXBuildFile; fileRef = F00D0F461F8BBCE7005C2AFD /* String.swift */; };
		F00D0F4A1F8BBF22005C2AFD /* RegisterHelper.swift in Sources */ = {isa = PBXBuildFile; fileRef = F00D0F491F8BBF22005C2AFD /* RegisterHelper.swift */; };
		F011AB3A1F7E6C510040B2B7 /* SeaButton.png in Resources */ = {isa = PBXBuildFile; fileRef = F011AB391F7E6C510040B2B7 /* SeaButton.png */; };
		F011AB3C1F7E6C580040B2B7 /* FacebookButton.png in Resources */ = {isa = PBXBuildFile; fileRef = F011AB3B1F7E6C580040B2B7 /* FacebookButton.png */; };
		F011AB3E1F7E83EB0040B2B7 /* RegisterViewController.swift in Sources */ = {isa = PBXBuildFile; fileRef = F011AB3D1F7E83EB0040B2B7 /* RegisterViewController.swift */; };
		F0132A061FBA46B900CEC13B /* AddIngridientViewController.swift in Sources */ = {isa = PBXBuildFile; fileRef = F0132A051FBA46B900CEC13B /* AddIngridientViewController.swift */; };
		F0132A081FBA4A7200CEC13B /* FoodListErrors.swift in Sources */ = {isa = PBXBuildFile; fileRef = F0132A071FBA4A7200CEC13B /* FoodListErrors.swift */; };
		F01590961F79663E0078266C /* AppDelegate.swift in Sources */ = {isa = PBXBuildFile; fileRef = F01590951F79663E0078266C /* AppDelegate.swift */; };
		F01590981F79663E0078266C /* LoginViewController.swift in Sources */ = {isa = PBXBuildFile; fileRef = F01590971F79663E0078266C /* LoginViewController.swift */; };
		F015909B1F79663E0078266C /* Main.storyboard in Resources */ = {isa = PBXBuildFile; fileRef = F01590991F79663E0078266C /* Main.storyboard */; };
		F015909E1F79663E0078266C /* Healthood.xcdatamodeld in Sources */ = {isa = PBXBuildFile; fileRef = F015909C1F79663E0078266C /* Healthood.xcdatamodeld */; };
		F01590A01F79663E0078266C /* Assets.xcassets in Resources */ = {isa = PBXBuildFile; fileRef = F015909F1F79663E0078266C /* Assets.xcassets */; };
		F01590A31F79663E0078266C /* LaunchScreen.storyboard in Resources */ = {isa = PBXBuildFile; fileRef = F01590A11F79663E0078266C /* LaunchScreen.storyboard */; };
		F01590AE1F79663E0078266C /* HealthoodTests.swift in Sources */ = {isa = PBXBuildFile; fileRef = F01590AD1F79663E0078266C /* HealthoodTests.swift */; };
		F01590BA1F797AC30078266C /* LoginBackground.jpg in Resources */ = {isa = PBXBuildFile; fileRef = F01590B91F797AC30078266C /* LoginBackground.jpg */; };
		F01590C81F7989C70078266C /* LoginBackground2.jpg in Resources */ = {isa = PBXBuildFile; fileRef = F01590C71F7989C70078266C /* LoginBackground2.jpg */; };
		F01BFD9B1FB9FE1F00E907D4 /* AddFoodViewController.swift in Sources */ = {isa = PBXBuildFile; fileRef = F01BFD9A1FB9FE1F00E907D4 /* AddFoodViewController.swift */; };
		F01E949C1FBADBED006CDF5A /* Ingridient.swift in Sources */ = {isa = PBXBuildFile; fileRef = F01E949B1FBADBED006CDF5A /* Ingridient.swift */; };
		F01E949E1FBAEDD3006CDF5A /* Double.swift in Sources */ = {isa = PBXBuildFile; fileRef = F01E949D1FBAEDD3006CDF5A /* Double.swift */; };
		F0248DEB1FB71C52001EB309 /* PostImageHelper.swift in Sources */ = {isa = PBXBuildFile; fileRef = F0248DEA1FB71C52001EB309 /* PostImageHelper.swift */; };
		F0248DEE1FB71CCF001EB309 /* DateBaseFixture.swift in Sources */ = {isa = PBXBuildFile; fileRef = F0248DED1FB71CCF001EB309 /* DateBaseFixture.swift */; };
		F0412ED91FB994640014BEB0 /* NetworkErrors.swift in Sources */ = {isa = PBXBuildFile; fileRef = F0412ED81FB994640014BEB0 /* NetworkErrors.swift */; };
		F0412EDB1FB9A1D00014BEB0 /* Food.swift in Sources */ = {isa = PBXBuildFile; fileRef = F0412EDA1FB9A1D00014BEB0 /* Food.swift */; };
		F06F14DF1FBA02A800C77EFF /* IngridientTableViewCell.swift in Sources */ = {isa = PBXBuildFile; fileRef = F06F14DE1FBA02A800C77EFF /* IngridientTableViewCell.swift */; };
		F0829AFB1FAB4BD60026665E /* FoodTableViewCell.swift in Sources */ = {isa = PBXBuildFile; fileRef = F0829AFA1FAB4BD60026665E /* FoodTableViewCell.swift */; };
		F0AC49391FB205FC004D3AED /* DateBaseErrors.swift in Sources */ = {isa = PBXBuildFile; fileRef = F0AC49381FB205FC004D3AED /* DateBaseErrors.swift */; };
		F0C284451FAB311A005DAF5B /* ProfileViewController.swift in Sources */ = {isa = PBXBuildFile; fileRef = F0C284441FAB311A005DAF5B /* ProfileViewController.swift */; };
		F0C284491FAB3797005DAF5B /* FoodListTableViewController.swift in Sources */ = {isa = PBXBuildFile; fileRef = F0C284481FAB3797005DAF5B /* FoodListTableViewController.swift */; };
		F0D864511FB8B796001ECFBC /* DataBaseType.swift in Sources */ = {isa = PBXBuildFile; fileRef = F0D864501FB8B796001ECFBC /* DataBaseType.swift */; };
		F0DF556A1FB1DBF50013A5EB /* SingleDishViewController.swift in Sources */ = {isa = PBXBuildFile; fileRef = F0DF55691FB1DBF50013A5EB /* SingleDishViewController.swift */; };
		F0F2D9E41F8D54690019AB6C /* UIViewController.swift in Sources */ = {isa = PBXBuildFile; fileRef = F0F2D9E31F8D54690019AB6C /* UIViewController.swift */; };
		F0F2D9E71F8D56BA0019AB6C /* RegisterErrors.swift in Sources */ = {isa = PBXBuildFile; fileRef = F0F2D9E61F8D56BA0019AB6C /* RegisterErrors.swift */; };
		F0F962AC1F83C14C00432AB4 /* DataBaseProtocol.swift in Sources */ = {isa = PBXBuildFile; fileRef = F0F962AB1F83C14C00432AB4 /* DataBaseProtocol.swift */; };
		F0F962AE1F83C17000432AB4 /* RealmController.swift in Sources */ = {isa = PBXBuildFile; fileRef = F0F962AD1F83C17000432AB4 /* RealmController.swift */; };
		F0F962B11F83CF3700432AB4 /* User.swift in Sources */ = {isa = PBXBuildFile; fileRef = F0F962B01F83CF3700432AB4 /* User.swift */; };
		F0F962B51F83DA1B00432AB4 /* RealmUser.swift in Sources */ = {isa = PBXBuildFile; fileRef = F0F962B41F83DA1B00432AB4 /* RealmUser.swift */; };
		F0FF1D1E1F7AC46400B98013 /* Logo.png in Resources */ = {isa = PBXBuildFile; fileRef = F0FF1D1D1F7AC46400B98013 /* Logo.png */; };
/* End PBXBuildFile section */

/* Begin PBXContainerItemProxy section */
		F01590AA1F79663E0078266C /* PBXContainerItemProxy */ = {
			isa = PBXContainerItemProxy;
			containerPortal = F015908A1F79663E0078266C /* Project object */;
			proxyType = 1;
			remoteGlobalIDString = F01590911F79663E0078266C;
			remoteInfo = Healthood;
		};
/* End PBXContainerItemProxy section */

/* Begin PBXFileReference section */
		2357E6C24F51F64DB09706EE /* Pods-HealthoodTests.release.xcconfig */ = {isa = PBXFileReference; includeInIndex = 1; lastKnownFileType = text.xcconfig; name = "Pods-HealthoodTests.release.xcconfig"; path = "Pods/Target Support Files/Pods-HealthoodTests/Pods-HealthoodTests.release.xcconfig"; sourceTree = "<group>"; };
		5FF5C2F52B248AC96CC7EE67 /* Pods-Healthood.debug.xcconfig */ = {isa = PBXFileReference; includeInIndex = 1; lastKnownFileType = text.xcconfig; name = "Pods-Healthood.debug.xcconfig"; path = "Pods/Target Support Files/Pods-Healthood/Pods-Healthood.debug.xcconfig"; sourceTree = "<group>"; };
		855CE6AE9892EA61754DCB19 /* Pods-Healthood.release.xcconfig */ = {isa = PBXFileReference; includeInIndex = 1; lastKnownFileType = text.xcconfig; name = "Pods-Healthood.release.xcconfig"; path = "Pods/Target Support Files/Pods-Healthood/Pods-Healthood.release.xcconfig"; sourceTree = "<group>"; };
		B9D588E6BF39661DA2C78899 /* Pods_Healthood.framework */ = {isa = PBXFileReference; explicitFileType = wrapper.framework; includeInIndex = 0; path = Pods_Healthood.framework; sourceTree = BUILT_PRODUCTS_DIR; };
		E150DC964CE7D5E012490D99 /* Pods_HealthoodTests.framework */ = {isa = PBXFileReference; explicitFileType = wrapper.framework; includeInIndex = 0; path = Pods_HealthoodTests.framework; sourceTree = BUILT_PRODUCTS_DIR; };
		ECE0D1B9CE5D0E60CC948DEE /* Pods-HealthoodTests.debug.xcconfig */ = {isa = PBXFileReference; includeInIndex = 1; lastKnownFileType = text.xcconfig; name = "Pods-HealthoodTests.debug.xcconfig"; path = "Pods/Target Support Files/Pods-HealthoodTests/Pods-HealthoodTests.debug.xcconfig"; sourceTree = "<group>"; };
		F00D0F451F8BBC43005C2AFD /* Objective-C-Bridging-Header.h */ = {isa = PBXFileReference; lastKnownFileType = sourcecode.c.h; path = "Objective-C-Bridging-Header.h"; sourceTree = "<group>"; };
		F00D0F461F8BBCE7005C2AFD /* String.swift */ = {isa = PBXFileReference; lastKnownFileType = sourcecode.swift; path = String.swift; sourceTree = "<group>"; };
		F00D0F491F8BBF22005C2AFD /* RegisterHelper.swift */ = {isa = PBXFileReference; lastKnownFileType = sourcecode.swift; path = RegisterHelper.swift; sourceTree = "<group>"; };
		F011AB391F7E6C510040B2B7 /* SeaButton.png */ = {isa = PBXFileReference; lastKnownFileType = image.png; path = SeaButton.png; sourceTree = "<group>"; };
		F011AB3B1F7E6C580040B2B7 /* FacebookButton.png */ = {isa = PBXFileReference; lastKnownFileType = image.png; path = FacebookButton.png; sourceTree = "<group>"; };
		F011AB3D1F7E83EB0040B2B7 /* RegisterViewController.swift */ = {isa = PBXFileReference; fileEncoding = 4; lastKnownFileType = sourcecode.swift; path = RegisterViewController.swift; sourceTree = "<group>"; };
		F0132A051FBA46B900CEC13B /* AddIngridientViewController.swift */ = {isa = PBXFileReference; lastKnownFileType = sourcecode.swift; path = AddIngridientViewController.swift; sourceTree = "<group>"; };
		F0132A071FBA4A7200CEC13B /* FoodListErrors.swift */ = {isa = PBXFileReference; lastKnownFileType = sourcecode.swift; path = FoodListErrors.swift; sourceTree = "<group>"; };
		F01590921F79663E0078266C /* Healthood.app */ = {isa = PBXFileReference; explicitFileType = wrapper.application; includeInIndex = 0; path = Healthood.app; sourceTree = BUILT_PRODUCTS_DIR; };
		F01590951F79663E0078266C /* AppDelegate.swift */ = {isa = PBXFileReference; lastKnownFileType = sourcecode.swift; path = AppDelegate.swift; sourceTree = "<group>"; };
		F01590971F79663E0078266C /* LoginViewController.swift */ = {isa = PBXFileReference; lastKnownFileType = sourcecode.swift; path = LoginViewController.swift; sourceTree = "<group>"; };
		F015909A1F79663E0078266C /* Base */ = {isa = PBXFileReference; lastKnownFileType = file.storyboard; name = Base; path = Base.lproj/Main.storyboard; sourceTree = "<group>"; };
		F015909D1F79663E0078266C /* Healthood.xcdatamodel */ = {isa = PBXFileReference; lastKnownFileType = wrapper.xcdatamodel; path = Healthood.xcdatamodel; sourceTree = "<group>"; };
		F015909F1F79663E0078266C /* Assets.xcassets */ = {isa = PBXFileReference; lastKnownFileType = folder.assetcatalog; path = Assets.xcassets; sourceTree = "<group>"; };
		F01590A21F79663E0078266C /* Base */ = {isa = PBXFileReference; lastKnownFileType = file.storyboard; name = Base; path = Base.lproj/LaunchScreen.storyboard; sourceTree = "<group>"; };
		F01590A41F79663E0078266C /* Info.plist */ = {isa = PBXFileReference; lastKnownFileType = text.plist.xml; path = Info.plist; sourceTree = "<group>"; };
		F01590A91F79663E0078266C /* HealthoodTests.xctest */ = {isa = PBXFileReference; explicitFileType = wrapper.cfbundle; includeInIndex = 0; path = HealthoodTests.xctest; sourceTree = BUILT_PRODUCTS_DIR; };
		F01590AD1F79663E0078266C /* HealthoodTests.swift */ = {isa = PBXFileReference; lastKnownFileType = sourcecode.swift; path = HealthoodTests.swift; sourceTree = "<group>"; };
		F01590AF1F79663E0078266C /* Info.plist */ = {isa = PBXFileReference; lastKnownFileType = text.plist.xml; path = Info.plist; sourceTree = "<group>"; };
		F01590B91F797AC30078266C /* LoginBackground.jpg */ = {isa = PBXFileReference; lastKnownFileType = image.jpeg; path = LoginBackground.jpg; sourceTree = "<group>"; };
		F01590C71F7989C70078266C /* LoginBackground2.jpg */ = {isa = PBXFileReference; lastKnownFileType = image.jpeg; path = LoginBackground2.jpg; sourceTree = "<group>"; };
		F01BFD9A1FB9FE1F00E907D4 /* AddFoodViewController.swift */ = {isa = PBXFileReference; lastKnownFileType = sourcecode.swift; path = AddFoodViewController.swift; sourceTree = "<group>"; };
		F01E949B1FBADBED006CDF5A /* Ingridient.swift */ = {isa = PBXFileReference; lastKnownFileType = sourcecode.swift; path = Ingridient.swift; sourceTree = "<group>"; };
		F01E949D1FBAEDD3006CDF5A /* Double.swift */ = {isa = PBXFileReference; lastKnownFileType = sourcecode.swift; path = Double.swift; sourceTree = "<group>"; };
		F0248DEA1FB71C52001EB309 /* PostImageHelper.swift */ = {isa = PBXFileReference; lastKnownFileType = sourcecode.swift; path = PostImageHelper.swift; sourceTree = "<group>"; };
		F0248DED1FB71CCF001EB309 /* DateBaseFixture.swift */ = {isa = PBXFileReference; lastKnownFileType = sourcecode.swift; path = DateBaseFixture.swift; sourceTree = "<group>"; };
		F0412ED81FB994640014BEB0 /* NetworkErrors.swift */ = {isa = PBXFileReference; lastKnownFileType = sourcecode.swift; path = NetworkErrors.swift; sourceTree = "<group>"; };
		F0412EDA1FB9A1D00014BEB0 /* Food.swift */ = {isa = PBXFileReference; lastKnownFileType = sourcecode.swift; path = Food.swift; sourceTree = "<group>"; };
		F06F14DE1FBA02A800C77EFF /* IngridientTableViewCell.swift */ = {isa = PBXFileReference; lastKnownFileType = sourcecode.swift; path = IngridientTableViewCell.swift; sourceTree = "<group>"; };
		F0829AFA1FAB4BD60026665E /* FoodTableViewCell.swift */ = {isa = PBXFileReference; lastKnownFileType = sourcecode.swift; path = FoodTableViewCell.swift; sourceTree = "<group>"; };
		F0AC49381FB205FC004D3AED /* DateBaseErrors.swift */ = {isa = PBXFileReference; lastKnownFileType = sourcecode.swift; path = DateBaseErrors.swift; sourceTree = "<group>"; };
		F0C284441FAB311A005DAF5B /* ProfileViewController.swift */ = {isa = PBXFileReference; lastKnownFileType = sourcecode.swift; path = ProfileViewController.swift; sourceTree = "<group>"; };
		F0C284481FAB3797005DAF5B /* FoodListTableViewController.swift */ = {isa = PBXFileReference; lastKnownFileType = sourcecode.swift; path = FoodListTableViewController.swift; sourceTree = "<group>"; };
		F0D864501FB8B796001ECFBC /* DataBaseType.swift */ = {isa = PBXFileReference; lastKnownFileType = sourcecode.swift; path = DataBaseType.swift; sourceTree = "<group>"; };
		F0DF55691FB1DBF50013A5EB /* SingleDishViewController.swift */ = {isa = PBXFileReference; lastKnownFileType = sourcecode.swift; path = SingleDishViewController.swift; sourceTree = "<group>"; };
		F0EFC4E91F8BE13A00998AA9 /* XButton.png */ = {isa = PBXFileReference; lastKnownFileType = image.png; path = XButton.png; sourceTree = "<group>"; };
		F0F2D9E31F8D54690019AB6C /* UIViewController.swift */ = {isa = PBXFileReference; lastKnownFileType = sourcecode.swift; path = UIViewController.swift; sourceTree = "<group>"; };
		F0F2D9E61F8D56BA0019AB6C /* RegisterErrors.swift */ = {isa = PBXFileReference; lastKnownFileType = sourcecode.swift; path = RegisterErrors.swift; sourceTree = "<group>"; };
		F0F962AB1F83C14C00432AB4 /* DataBaseProtocol.swift */ = {isa = PBXFileReference; fileEncoding = 4; lastKnownFileType = sourcecode.swift; path = DataBaseProtocol.swift; sourceTree = "<group>"; };
		F0F962AD1F83C17000432AB4 /* RealmController.swift */ = {isa = PBXFileReference; fileEncoding = 4; lastKnownFileType = sourcecode.swift; path = RealmController.swift; sourceTree = "<group>"; };
		F0F962B01F83CF3700432AB4 /* User.swift */ = {isa = PBXFileReference; fileEncoding = 4; lastKnownFileType = sourcecode.swift; path = User.swift; sourceTree = "<group>"; };
		F0F962B41F83DA1B00432AB4 /* RealmUser.swift */ = {isa = PBXFileReference; fileEncoding = 4; lastKnownFileType = sourcecode.swift; path = RealmUser.swift; sourceTree = "<group>"; };
		F0FF1D1D1F7AC46400B98013 /* Logo.png */ = {isa = PBXFileReference; lastKnownFileType = image.png; path = Logo.png; sourceTree = "<group>"; };
/* End PBXFileReference section */

/* Begin PBXFrameworksBuildPhase section */
		F015908F1F79663E0078266C /* Frameworks */ = {
			isa = PBXFrameworksBuildPhase;
			buildActionMask = 2147483647;
			files = (
				E0A690388162E7B2623CCD33 /* Pods_Healthood.framework in Frameworks */,
			);
			runOnlyForDeploymentPostprocessing = 0;
		};
		F01590A61F79663E0078266C /* Frameworks */ = {
			isa = PBXFrameworksBuildPhase;
			buildActionMask = 2147483647;
			files = (
				477075C2731024C1A8E1B29C /* Pods_HealthoodTests.framework in Frameworks */,
			);
			runOnlyForDeploymentPostprocessing = 0;
		};
/* End PBXFrameworksBuildPhase section */

/* Begin PBXGroup section */
		190A7CAB3D018681DBC0E06F /* Frameworks */ = {
			isa = PBXGroup;
			children = (
				B9D588E6BF39661DA2C78899 /* Pods_Healthood.framework */,
				E150DC964CE7D5E012490D99 /* Pods_HealthoodTests.framework */,
			);
			name = Frameworks;
			sourceTree = "<group>";
		};
		CAD78B1F749206BDE9FD7D39 /* Pods */ = {
			isa = PBXGroup;
			children = (
				5FF5C2F52B248AC96CC7EE67 /* Pods-Healthood.debug.xcconfig */,
				855CE6AE9892EA61754DCB19 /* Pods-Healthood.release.xcconfig */,
				ECE0D1B9CE5D0E60CC948DEE /* Pods-HealthoodTests.debug.xcconfig */,
				2357E6C24F51F64DB09706EE /* Pods-HealthoodTests.release.xcconfig */,
			);
			name = Pods;
			sourceTree = "<group>";
		};
		F00D0F481F8BBF08005C2AFD /* Helpers */ = {
			isa = PBXGroup;
			children = (
				F00D0F491F8BBF22005C2AFD /* RegisterHelper.swift */,
				F0248DEA1FB71C52001EB309 /* PostImageHelper.swift */,
			);
			name = Helpers;
			sourceTree = "<group>";
		};
		F011AB2E1F7E34FB0040B2B7 /* Additional Files */ = {
			isa = PBXGroup;
			children = (
				F01590951F79663E0078266C /* AppDelegate.swift */,
				F015909F1F79663E0078266C /* Assets.xcassets */,
				F01590A11F79663E0078266C /* LaunchScreen.storyboard */,
				F01590A41F79663E0078266C /* Info.plist */,
			);
			name = "Additional Files";
			sourceTree = "<group>";
		};
		F0158AA51F88F32100AC0285 /* Extension */ = {
			isa = PBXGroup;
			children = (
				F00D0F461F8BBCE7005C2AFD /* String.swift */,
				F0F2D9E31F8D54690019AB6C /* UIViewController.swift */,
				F01E949D1FBAEDD3006CDF5A /* Double.swift */,
			);
			name = Extension;
			sourceTree = "<group>";
		};
		F01590891F79663E0078266C = {
			isa = PBXGroup;
			children = (
				F01590941F79663E0078266C /* Healthood */,
				F01590AC1F79663E0078266C /* HealthoodTests */,
				F01590931F79663E0078266C /* Products */,
				CAD78B1F749206BDE9FD7D39 /* Pods */,
				190A7CAB3D018681DBC0E06F /* Frameworks */,
			);
			sourceTree = "<group>";
		};
		F01590931F79663E0078266C /* Products */ = {
			isa = PBXGroup;
			children = (
				F01590921F79663E0078266C /* Healthood.app */,
				F01590A91F79663E0078266C /* HealthoodTests.xctest */,
			);
			name = Products;
			sourceTree = "<group>";
		};
		F01590941F79663E0078266C /* Healthood */ = {
			isa = PBXGroup;
			children = (
				F0D8644F1FB8B77D001ECFBC /* Enums */,
				F0829AF91FAB4BB80026665E /* Views */,
				F0F2D9E51F8D56900019AB6C /* Errors */,
				F0158AA51F88F32100AC0285 /* Extension */,
				F0F962A81F83C0FC00432AB4 /* ViewControllers */,
				F0F962AF1F83CF2800432AB4 /* Models */,
				F0F962AA1F83C12300432AB4 /* Controllers */,
				F0F962A91F83C11500432AB4 /* Protocols */,
				F01590B81F797AA90078266C /* Images */,
				F011AB2E1F7E34FB0040B2B7 /* Additional Files */,
				F01590991F79663E0078266C /* Main.storyboard */,
				F015909C1F79663E0078266C /* Healthood.xcdatamodeld */,
				F00D0F451F8BBC43005C2AFD /* Objective-C-Bridging-Header.h */,
			);
			path = Healthood;
			sourceTree = "<group>";
		};
		F01590AC1F79663E0078266C /* HealthoodTests */ = {
			isa = PBXGroup;
			children = (
				F01590AD1F79663E0078266C /* HealthoodTests.swift */,
				F01590AF1F79663E0078266C /* Info.plist */,
			);
			path = HealthoodTests;
			sourceTree = "<group>";
		};
		F01590B81F797AA90078266C /* Images */ = {
			isa = PBXGroup;
			children = (
				F0EFC4E91F8BE13A00998AA9 /* XButton.png */,
				F01590B91F797AC30078266C /* LoginBackground.jpg */,
				F01590C71F7989C70078266C /* LoginBackground2.jpg */,
				F0FF1D1D1F7AC46400B98013 /* Logo.png */,
				F011AB391F7E6C510040B2B7 /* SeaButton.png */,
				F011AB3B1F7E6C580040B2B7 /* FacebookButton.png */,
			);
			name = Images;
			path = ..;
			sourceTree = "<group>";
		};
		F0248DEC1FB71CA7001EB309 /* DataBaseControllers */ = {
			isa = PBXGroup;
			children = (
				F0F962AD1F83C17000432AB4 /* RealmController.swift */,
				F0248DED1FB71CCF001EB309 /* DateBaseFixture.swift */,
			);
			name = DataBaseControllers;
			sourceTree = "<group>";
		};
		F0829AF91FAB4BB80026665E /* Views */ = {
			isa = PBXGroup;
			children = (
				F0829AFA1FAB4BD60026665E /* FoodTableViewCell.swift */,
				F06F14DE1FBA02A800C77EFF /* IngridientTableViewCell.swift */,
			);
			name = Views;
			sourceTree = "<group>";
		};
		F0D8644F1FB8B77D001ECFBC /* Enums */ = {
			isa = PBXGroup;
			children = (
				F0D864501FB8B796001ECFBC /* DataBaseType.swift */,
			);
			name = Enums;
			sourceTree = "<group>";
		};
		F0F2D9E51F8D56900019AB6C /* Errors */ = {
			isa = PBXGroup;
			children = (
				F0F2D9E61F8D56BA0019AB6C /* RegisterErrors.swift */,
				F0AC49381FB205FC004D3AED /* DateBaseErrors.swift */,
				F0412ED81FB994640014BEB0 /* NetworkErrors.swift */,
				F0132A071FBA4A7200CEC13B /* FoodListErrors.swift */,
			);
			name = Errors;
			sourceTree = "<group>";
		};
		F0F962A81F83C0FC00432AB4 /* ViewControllers */ = {
			isa = PBXGroup;
			children = (
				F01590971F79663E0078266C /* LoginViewController.swift */,
				F011AB3D1F7E83EB0040B2B7 /* RegisterViewController.swift */,
				F0C284441FAB311A005DAF5B /* ProfileViewController.swift */,
				F0C284481FAB3797005DAF5B /* FoodListTableViewController.swift */,
				F0DF55691FB1DBF50013A5EB /* SingleDishViewController.swift */,
				F01BFD9A1FB9FE1F00E907D4 /* AddFoodViewController.swift */,
				F0132A051FBA46B900CEC13B /* AddIngridientViewController.swift */,
			);
			name = ViewControllers;
			sourceTree = "<group>";
		};
		F0F962A91F83C11500432AB4 /* Protocols */ = {
			isa = PBXGroup;
			children = (
				F0F962AB1F83C14C00432AB4 /* DataBaseProtocol.swift */,
			);
			name = Protocols;
			sourceTree = "<group>";
		};
		F0F962AA1F83C12300432AB4 /* Controllers */ = {
			isa = PBXGroup;
			children = (
				F00D0F481F8BBF08005C2AFD /* Helpers */,
				F0248DEC1FB71CA7001EB309 /* DataBaseControllers */,
			);
			name = Controllers;
			sourceTree = "<group>";
		};
		F0F962AF1F83CF2800432AB4 /* Models */ = {
			isa = PBXGroup;
			children = (
				F0F962B21F83D9FC00432AB4 /* RealmModels */,
				F0F962B01F83CF3700432AB4 /* User.swift */,
				F0412EDA1FB9A1D00014BEB0 /* Food.swift */,
				F01E949B1FBADBED006CDF5A /* Ingridient.swift */,
			);
			name = Models;
			sourceTree = "<group>";
		};
		F0F962B21F83D9FC00432AB4 /* RealmModels */ = {
			isa = PBXGroup;
			children = (
				F0F962B41F83DA1B00432AB4 /* RealmUser.swift */,
			);
			name = RealmModels;
			sourceTree = "<group>";
		};
/* End PBXGroup section */

/* Begin PBXNativeTarget section */
		F01590911F79663E0078266C /* Healthood */ = {
			isa = PBXNativeTarget;
			buildConfigurationList = F01590B21F79663E0078266C /* Build configuration list for PBXNativeTarget "Healthood" */;
			buildPhases = (
				FA1E8538B704BA2C6B149205 /* [CP] Check Pods Manifest.lock */,
				F015908E1F79663E0078266C /* Sources */,
				F015908F1F79663E0078266C /* Frameworks */,
				F01590901F79663E0078266C /* Resources */,
				42E735DA211B8201CF42B29D /* [CP] Embed Pods Frameworks */,
				12EFC65B7FD38A21B87C3839 /* [CP] Copy Pods Resources */,
			);
			buildRules = (
			);
			dependencies = (
			);
			name = Healthood;
			productName = Healthood;
			productReference = F01590921F79663E0078266C /* Healthood.app */;
			productType = "com.apple.product-type.application";
		};
		F01590A81F79663E0078266C /* HealthoodTests */ = {
			isa = PBXNativeTarget;
			buildConfigurationList = F01590B51F79663E0078266C /* Build configuration list for PBXNativeTarget "HealthoodTests" */;
			buildPhases = (
				4414E39B0506F6CF207D24E7 /* [CP] Check Pods Manifest.lock */,
				F01590A51F79663E0078266C /* Sources */,
				F01590A61F79663E0078266C /* Frameworks */,
				F01590A71F79663E0078266C /* Resources */,
				E5FE65B5F55ECB1703E09DE7 /* [CP] Embed Pods Frameworks */,
				0416CDB817B2847E00A25812 /* [CP] Copy Pods Resources */,
			);
			buildRules = (
			);
			dependencies = (
				F01590AB1F79663E0078266C /* PBXTargetDependency */,
			);
			name = HealthoodTests;
			productName = HealthoodTests;
			productReference = F01590A91F79663E0078266C /* HealthoodTests.xctest */;
			productType = "com.apple.product-type.bundle.unit-test";
		};
/* End PBXNativeTarget section */

/* Begin PBXProject section */
		F015908A1F79663E0078266C /* Project object */ = {
			isa = PBXProject;
			attributes = {
				LastSwiftUpdateCheck = 0830;
				LastUpgradeCheck = 0830;
				ORGANIZATIONNAME = "Krystian Bujak";
				TargetAttributes = {
					F01590911F79663E0078266C = {
						CreatedOnToolsVersion = 8.3.3;
						DevelopmentTeam = 4VV3H7446H;
						LastSwiftMigration = 0900;
						ProvisioningStyle = Automatic;
					};
					F01590A81F79663E0078266C = {
						CreatedOnToolsVersion = 8.3.3;
						DevelopmentTeam = 4VV3H7446H;
						LastSwiftMigration = 0900;
						ProvisioningStyle = Automatic;
						TestTargetID = F01590911F79663E0078266C;
					};
				};
			};
			buildConfigurationList = F015908D1F79663E0078266C /* Build configuration list for PBXProject "Healthood" */;
			compatibilityVersion = "Xcode 3.2";
			developmentRegion = English;
			hasScannedForEncodings = 0;
			knownRegions = (
				en,
				Base,
			);
			mainGroup = F01590891F79663E0078266C;
			productRefGroup = F01590931F79663E0078266C /* Products */;
			projectDirPath = "";
			projectRoot = "";
			targets = (
				F01590911F79663E0078266C /* Healthood */,
				F01590A81F79663E0078266C /* HealthoodTests */,
			);
		};
/* End PBXProject section */

/* Begin PBXResourcesBuildPhase section */
		F01590901F79663E0078266C /* Resources */ = {
			isa = PBXResourcesBuildPhase;
			buildActionMask = 2147483647;
			files = (
				F011AB3A1F7E6C510040B2B7 /* SeaButton.png in Resources */,
				F01590A31F79663E0078266C /* LaunchScreen.storyboard in Resources */,
				F0FF1D1E1F7AC46400B98013 /* Logo.png in Resources */,
				F01590C81F7989C70078266C /* LoginBackground2.jpg in Resources */,
				F011AB3C1F7E6C580040B2B7 /* FacebookButton.png in Resources */,
				F01590A01F79663E0078266C /* Assets.xcassets in Resources */,
				F015909B1F79663E0078266C /* Main.storyboard in Resources */,
				F01590BA1F797AC30078266C /* LoginBackground.jpg in Resources */,
			);
			runOnlyForDeploymentPostprocessing = 0;
		};
		F01590A71F79663E0078266C /* Resources */ = {
			isa = PBXResourcesBuildPhase;
			buildActionMask = 2147483647;
			files = (
			);
			runOnlyForDeploymentPostprocessing = 0;
		};
/* End PBXResourcesBuildPhase section */

/* Begin PBXShellScriptBuildPhase section */
		0416CDB817B2847E00A25812 /* [CP] Copy Pods Resources */ = {
			isa = PBXShellScriptBuildPhase;
			buildActionMask = 2147483647;
			files = (
			);
			inputPaths = (
			);
			name = "[CP] Copy Pods Resources";
			outputPaths = (
			);
			runOnlyForDeploymentPostprocessing = 0;
			shellPath = /bin/sh;
			shellScript = "\"${SRCROOT}/Pods/Target Support Files/Pods-HealthoodTests/Pods-HealthoodTests-resources.sh\"\n";
			showEnvVarsInLog = 0;
		};
		12EFC65B7FD38A21B87C3839 /* [CP] Copy Pods Resources */ = {
			isa = PBXShellScriptBuildPhase;
			buildActionMask = 2147483647;
			files = (
			);
			inputPaths = (
			);
			name = "[CP] Copy Pods Resources";
			outputPaths = (
			);
			runOnlyForDeploymentPostprocessing = 0;
			shellPath = /bin/sh;
			shellScript = "\"${SRCROOT}/Pods/Target Support Files/Pods-Healthood/Pods-Healthood-resources.sh\"\n";
			showEnvVarsInLog = 0;
		};
		42E735DA211B8201CF42B29D /* [CP] Embed Pods Frameworks */ = {
			isa = PBXShellScriptBuildPhase;
			buildActionMask = 2147483647;
			files = (
			);
			inputPaths = (
				"${SRCROOT}/Pods/Target Support Files/Pods-Healthood/Pods-Healthood-frameworks.sh",
				"${BUILT_PRODUCTS_DIR}/FoldingCell/FoldingCell.framework",
				"${BUILT_PRODUCTS_DIR}/Realm/Realm.framework",
				"${BUILT_PRODUCTS_DIR}/RealmSwift/RealmSwift.framework",
				"${BUILT_PRODUCTS_DIR}/SDWebImage/SDWebImage.framework",
			);
			name = "[CP] Embed Pods Frameworks";
			outputPaths = (
				"${TARGET_BUILD_DIR}/${FRAMEWORKS_FOLDER_PATH}/FoldingCell.framework",
				"${TARGET_BUILD_DIR}/${FRAMEWORKS_FOLDER_PATH}/Realm.framework",
				"${TARGET_BUILD_DIR}/${FRAMEWORKS_FOLDER_PATH}/RealmSwift.framework",
				"${TARGET_BUILD_DIR}/${FRAMEWORKS_FOLDER_PATH}/SDWebImage.framework",
			);
			runOnlyForDeploymentPostprocessing = 0;
			shellPath = /bin/sh;
			shellScript = "\"${SRCROOT}/Pods/Target Support Files/Pods-Healthood/Pods-Healthood-frameworks.sh\"\n";
			showEnvVarsInLog = 0;
		};
		4414E39B0506F6CF207D24E7 /* [CP] Check Pods Manifest.lock */ = {
			isa = PBXShellScriptBuildPhase;
			buildActionMask = 2147483647;
			files = (
			);
			inputPaths = (
				"${PODS_PODFILE_DIR_PATH}/Podfile.lock",
				"${PODS_ROOT}/Manifest.lock",
			);
			name = "[CP] Check Pods Manifest.lock";
			outputPaths = (
				"$(DERIVED_FILE_DIR)/Pods-HealthoodTests-checkManifestLockResult.txt",
			);
			runOnlyForDeploymentPostprocessing = 0;
			shellPath = /bin/sh;
			shellScript = "diff \"${PODS_PODFILE_DIR_PATH}/Podfile.lock\" \"${PODS_ROOT}/Manifest.lock\" > /dev/null\nif [ $? != 0 ] ; then\n    # print error to STDERR\n    echo \"error: The sandbox is not in sync with the Podfile.lock. Run 'pod install' or update your CocoaPods installation.\" >&2\n    exit 1\nfi\n# This output is used by Xcode 'outputs' to avoid re-running this script phase.\necho \"SUCCESS\" > \"${SCRIPT_OUTPUT_FILE_0}\"\n";
			showEnvVarsInLog = 0;
		};
		E5FE65B5F55ECB1703E09DE7 /* [CP] Embed Pods Frameworks */ = {
			isa = PBXShellScriptBuildPhase;
			buildActionMask = 2147483647;
			files = (
			);
			inputPaths = (
			);
			name = "[CP] Embed Pods Frameworks";
			outputPaths = (
			);
			runOnlyForDeploymentPostprocessing = 0;
			shellPath = /bin/sh;
			shellScript = "\"${SRCROOT}/Pods/Target Support Files/Pods-HealthoodTests/Pods-HealthoodTests-frameworks.sh\"\n";
			showEnvVarsInLog = 0;
		};
		FA1E8538B704BA2C6B149205 /* [CP] Check Pods Manifest.lock */ = {
			isa = PBXShellScriptBuildPhase;
			buildActionMask = 2147483647;
			files = (
			);
			inputPaths = (
				"${PODS_PODFILE_DIR_PATH}/Podfile.lock",
				"${PODS_ROOT}/Manifest.lock",
			);
			name = "[CP] Check Pods Manifest.lock";
			outputPaths = (
				"$(DERIVED_FILE_DIR)/Pods-Healthood-checkManifestLockResult.txt",
			);
			runOnlyForDeploymentPostprocessing = 0;
			shellPath = /bin/sh;
			shellScript = "diff \"${PODS_PODFILE_DIR_PATH}/Podfile.lock\" \"${PODS_ROOT}/Manifest.lock\" > /dev/null\nif [ $? != 0 ] ; then\n    # print error to STDERR\n    echo \"error: The sandbox is not in sync with the Podfile.lock. Run 'pod install' or update your CocoaPods installation.\" >&2\n    exit 1\nfi\n# This output is used by Xcode 'outputs' to avoid re-running this script phase.\necho \"SUCCESS\" > \"${SCRIPT_OUTPUT_FILE_0}\"\n";
			showEnvVarsInLog = 0;
		};
/* End PBXShellScriptBuildPhase section */

/* Begin PBXSourcesBuildPhase section */
		F015908E1F79663E0078266C /* Sources */ = {
			isa = PBXSourcesBuildPhase;
			buildActionMask = 2147483647;
			files = (
				F06F14DF1FBA02A800C77EFF /* IngridientTableViewCell.swift in Sources */,
				F01590981F79663E0078266C /* LoginViewController.swift in Sources */,
				F0132A081FBA4A7200CEC13B /* FoodListErrors.swift in Sources */,
				F0412ED91FB994640014BEB0 /* NetworkErrors.swift in Sources */,
				F0C284491FAB3797005DAF5B /* FoodListTableViewController.swift in Sources */,
				F0DF556A1FB1DBF50013A5EB /* SingleDishViewController.swift in Sources */,
				F01E949E1FBAEDD3006CDF5A /* Double.swift in Sources */,
				F0829AFB1FAB4BD60026665E /* FoodTableViewCell.swift in Sources */,
				F00D0F471F8BBCE7005C2AFD /* String.swift in Sources */,
				F0248DEB1FB71C52001EB309 /* PostImageHelper.swift in Sources */,
				F0F962AC1F83C14C00432AB4 /* DataBaseProtocol.swift in Sources */,
				F0F2D9E41F8D54690019AB6C /* UIViewController.swift in Sources */,
				F0D864511FB8B796001ECFBC /* DataBaseType.swift in Sources */,
				F0F962B51F83DA1B00432AB4 /* RealmUser.swift in Sources */,
				F01E949C1FBADBED006CDF5A /* Ingridient.swift in Sources */,
				F01BFD9B1FB9FE1F00E907D4 /* AddFoodViewController.swift in Sources */,
				F0132A061FBA46B900CEC13B /* AddIngridientViewController.swift in Sources */,
				F0412EDB1FB9A1D00014BEB0 /* Food.swift in Sources */,
				F0F2D9E71F8D56BA0019AB6C /* RegisterErrors.swift in Sources */,
				F00D0F4A1F8BBF22005C2AFD /* RegisterHelper.swift in Sources */,
				F015909E1F79663E0078266C /* Healthood.xcdatamodeld in Sources */,
				F0F962AE1F83C17000432AB4 /* RealmController.swift in Sources */,
				F01590961F79663E0078266C /* AppDelegate.swift in Sources */,
				F0C284451FAB311A005DAF5B /* ProfileViewController.swift in Sources */,
				F0248DEE1FB71CCF001EB309 /* DateBaseFixture.swift in Sources */,
				F0AC49391FB205FC004D3AED /* DateBaseErrors.swift in Sources */,
				F011AB3E1F7E83EB0040B2B7 /* RegisterViewController.swift in Sources */,
				F0F962B11F83CF3700432AB4 /* User.swift in Sources */,
			);
			runOnlyForDeploymentPostprocessing = 0;
		};
		F01590A51F79663E0078266C /* Sources */ = {
			isa = PBXSourcesBuildPhase;
			buildActionMask = 2147483647;
			files = (
				F01590AE1F79663E0078266C /* HealthoodTests.swift in Sources */,
			);
			runOnlyForDeploymentPostprocessing = 0;
		};
/* End PBXSourcesBuildPhase section */

/* Begin PBXTargetDependency section */
		F01590AB1F79663E0078266C /* PBXTargetDependency */ = {
			isa = PBXTargetDependency;
			target = F01590911F79663E0078266C /* Healthood */;
			targetProxy = F01590AA1F79663E0078266C /* PBXContainerItemProxy */;
		};
/* End PBXTargetDependency section */

/* Begin PBXVariantGroup section */
		F01590991F79663E0078266C /* Main.storyboard */ = {
			isa = PBXVariantGroup;
			children = (
				F015909A1F79663E0078266C /* Base */,
			);
			name = Main.storyboard;
			sourceTree = "<group>";
		};
		F01590A11F79663E0078266C /* LaunchScreen.storyboard */ = {
			isa = PBXVariantGroup;
			children = (
				F01590A21F79663E0078266C /* Base */,
			);
			name = LaunchScreen.storyboard;
			sourceTree = "<group>";
		};
/* End PBXVariantGroup section */

/* Begin XCBuildConfiguration section */
		F01590B01F79663E0078266C /* Debug */ = {
			isa = XCBuildConfiguration;
			buildSettings = {
				ALWAYS_SEARCH_USER_PATHS = NO;
				CLANG_ANALYZER_NONNULL = YES;
				CLANG_ANALYZER_NUMBER_OBJECT_CONVERSION = YES_AGGRESSIVE;
				CLANG_CXX_LANGUAGE_STANDARD = "gnu++0x";
				CLANG_CXX_LIBRARY = "libc++";
				CLANG_ENABLE_MODULES = YES;
				CLANG_ENABLE_OBJC_ARC = YES;
				CLANG_WARN_BOOL_CONVERSION = YES;
				CLANG_WARN_CONSTANT_CONVERSION = YES;
				CLANG_WARN_DIRECT_OBJC_ISA_USAGE = YES_ERROR;
				CLANG_WARN_DOCUMENTATION_COMMENTS = YES;
				CLANG_WARN_EMPTY_BODY = YES;
				CLANG_WARN_ENUM_CONVERSION = YES;
				CLANG_WARN_INFINITE_RECURSION = YES;
				CLANG_WARN_INT_CONVERSION = YES;
				CLANG_WARN_OBJC_ROOT_CLASS = YES_ERROR;
				CLANG_WARN_SUSPICIOUS_MOVE = YES;
				CLANG_WARN_UNREACHABLE_CODE = YES;
				CLANG_WARN__DUPLICATE_METHOD_MATCH = YES;
				"CODE_SIGN_IDENTITY[sdk=iphoneos*]" = "iPhone Developer";
				COPY_PHASE_STRIP = NO;
				DEBUG_INFORMATION_FORMAT = dwarf;
				ENABLE_STRICT_OBJC_MSGSEND = YES;
				ENABLE_TESTABILITY = YES;
				GCC_C_LANGUAGE_STANDARD = gnu99;
				GCC_DYNAMIC_NO_PIC = NO;
				GCC_NO_COMMON_BLOCKS = YES;
				GCC_OPTIMIZATION_LEVEL = 0;
				GCC_PREPROCESSOR_DEFINITIONS = (
					"DEBUG=1",
					"$(inherited)",
				);
				GCC_WARN_64_TO_32_BIT_CONVERSION = YES;
				GCC_WARN_ABOUT_RETURN_TYPE = YES_ERROR;
				GCC_WARN_UNDECLARED_SELECTOR = YES;
				GCC_WARN_UNINITIALIZED_AUTOS = YES_AGGRESSIVE;
				GCC_WARN_UNUSED_FUNCTION = YES;
				GCC_WARN_UNUSED_VARIABLE = YES;
				IPHONEOS_DEPLOYMENT_TARGET = 11.0;
				MTL_ENABLE_DEBUG_INFO = YES;
				ONLY_ACTIVE_ARCH = YES;
				SDKROOT = iphoneos;
				SWIFT_ACTIVE_COMPILATION_CONDITIONS = DEBUG;
				SWIFT_OBJC_BRIDGING_HEADER = "Healthood/Objective-C-Bridging-Header.h";
				SWIFT_OPTIMIZATION_LEVEL = "-Onone";
				TARGETED_DEVICE_FAMILY = "1,2";
			};
			name = Debug;
		};
		F01590B11F79663E0078266C /* Release */ = {
			isa = XCBuildConfiguration;
			buildSettings = {
				ALWAYS_SEARCH_USER_PATHS = NO;
				CLANG_ANALYZER_NONNULL = YES;
				CLANG_ANALYZER_NUMBER_OBJECT_CONVERSION = YES_AGGRESSIVE;
				CLANG_CXX_LANGUAGE_STANDARD = "gnu++0x";
				CLANG_CXX_LIBRARY = "libc++";
				CLANG_ENABLE_MODULES = YES;
				CLANG_ENABLE_OBJC_ARC = YES;
				CLANG_WARN_BOOL_CONVERSION = YES;
				CLANG_WARN_CONSTANT_CONVERSION = YES;
				CLANG_WARN_DIRECT_OBJC_ISA_USAGE = YES_ERROR;
				CLANG_WARN_DOCUMENTATION_COMMENTS = YES;
				CLANG_WARN_EMPTY_BODY = YES;
				CLANG_WARN_ENUM_CONVERSION = YES;
				CLANG_WARN_INFINITE_RECURSION = YES;
				CLANG_WARN_INT_CONVERSION = YES;
				CLANG_WARN_OBJC_ROOT_CLASS = YES_ERROR;
				CLANG_WARN_SUSPICIOUS_MOVE = YES;
				CLANG_WARN_UNREACHABLE_CODE = YES;
				CLANG_WARN__DUPLICATE_METHOD_MATCH = YES;
				"CODE_SIGN_IDENTITY[sdk=iphoneos*]" = "iPhone Developer";
				COPY_PHASE_STRIP = NO;
				DEBUG_INFORMATION_FORMAT = "dwarf-with-dsym";
				ENABLE_NS_ASSERTIONS = NO;
				ENABLE_STRICT_OBJC_MSGSEND = YES;
				GCC_C_LANGUAGE_STANDARD = gnu99;
				GCC_NO_COMMON_BLOCKS = YES;
				GCC_WARN_64_TO_32_BIT_CONVERSION = YES;
				GCC_WARN_ABOUT_RETURN_TYPE = YES_ERROR;
				GCC_WARN_UNDECLARED_SELECTOR = YES;
				GCC_WARN_UNINITIALIZED_AUTOS = YES_AGGRESSIVE;
				GCC_WARN_UNUSED_FUNCTION = YES;
				GCC_WARN_UNUSED_VARIABLE = YES;
				IPHONEOS_DEPLOYMENT_TARGET = 11.0;
				MTL_ENABLE_DEBUG_INFO = NO;
				SDKROOT = iphoneos;
				SWIFT_OBJC_BRIDGING_HEADER = "Healthood/Objective-C-Bridging-Header.h";
				SWIFT_OPTIMIZATION_LEVEL = "-Owholemodule";
				TARGETED_DEVICE_FAMILY = "1,2";
				VALIDATE_PRODUCT = YES;
			};
			name = Release;
		};
		F01590B31F79663E0078266C /* Debug */ = {
			isa = XCBuildConfiguration;
			baseConfigurationReference = 5FF5C2F52B248AC96CC7EE67 /* Pods-Healthood.debug.xcconfig */;
			buildSettings = {
				ASSETCATALOG_COMPILER_APPICON_NAME = AppIcon;
				DEVELOPMENT_TEAM = 4VV3H7446H;
				INFOPLIST_FILE = Healthood/Info.plist;
				LD_RUNPATH_SEARCH_PATHS = "$(inherited) @executable_path/Frameworks";
				PRODUCT_BUNDLE_IDENTIFIER = pl.booyac.Healthood;
				PRODUCT_NAME = "$(TARGET_NAME)";
				SWIFT_VERSION = 3.0;
				TARGETED_DEVICE_FAMILY = "1,2";
			};
			name = Debug;
		};
		F01590B41F79663E0078266C /* Release */ = {
			isa = XCBuildConfiguration;
			baseConfigurationReference = 855CE6AE9892EA61754DCB19 /* Pods-Healthood.release.xcconfig */;
			buildSettings = {
				ASSETCATALOG_COMPILER_APPICON_NAME = AppIcon;
				DEVELOPMENT_TEAM = 4VV3H7446H;
				INFOPLIST_FILE = Healthood/Info.plist;
				LD_RUNPATH_SEARCH_PATHS = "$(inherited) @executable_path/Frameworks";
				PRODUCT_BUNDLE_IDENTIFIER = pl.booyac.Healthood;
				PRODUCT_NAME = "$(TARGET_NAME)";
				SWIFT_VERSION = 3.0;
				TARGETED_DEVICE_FAMILY = "1,2";
			};
			name = Release;
		};
		F01590B61F79663E0078266C /* Debug */ = {
			isa = XCBuildConfiguration;
			baseConfigurationReference = ECE0D1B9CE5D0E60CC948DEE /* Pods-HealthoodTests.debug.xcconfig */;
			buildSettings = {
				ALWAYS_EMBED_SWIFT_STANDARD_LIBRARIES = YES;
				BUNDLE_LOADER = "$(TEST_HOST)";
				DEVELOPMENT_TEAM = 4VV3H7446H;
				INFOPLIST_FILE = HealthoodTests/Info.plist;
				LD_RUNPATH_SEARCH_PATHS = "$(inherited) @executable_path/Frameworks @loader_path/Frameworks";
				PRODUCT_BUNDLE_IDENTIFIER = pl.booyac.HealthoodTests;
				PRODUCT_NAME = "$(TARGET_NAME)";
				SWIFT_VERSION = 3.0;
				TEST_HOST = "$(BUILT_PRODUCTS_DIR)/Healthood.app/Healthood";
			};
			name = Debug;
		};
		F01590B71F79663E0078266C /* Release */ = {
			isa = XCBuildConfiguration;
			baseConfigurationReference = 2357E6C24F51F64DB09706EE /* Pods-HealthoodTests.release.xcconfig */;
			buildSettings = {
				ALWAYS_EMBED_SWIFT_STANDARD_LIBRARIES = YES;
				BUNDLE_LOADER = "$(TEST_HOST)";
				DEVELOPMENT_TEAM = 4VV3H7446H;
				INFOPLIST_FILE = HealthoodTests/Info.plist;
				LD_RUNPATH_SEARCH_PATHS = "$(inherited) @executable_path/Frameworks @loader_path/Frameworks";
				PRODUCT_BUNDLE_IDENTIFIER = pl.booyac.HealthoodTests;
				PRODUCT_NAME = "$(TARGET_NAME)";
				SWIFT_VERSION = 3.0;
				TEST_HOST = "$(BUILT_PRODUCTS_DIR)/Healthood.app/Healthood";
			};
			name = Release;
		};
/* End XCBuildConfiguration section */

/* Begin XCConfigurationList section */
		F015908D1F79663E0078266C /* Build configuration list for PBXProject "Healthood" */ = {
			isa = XCConfigurationList;
			buildConfigurations = (
				F01590B01F79663E0078266C /* Debug */,
				F01590B11F79663E0078266C /* Release */,
			);
			defaultConfigurationIsVisible = 0;
			defaultConfigurationName = Release;
		};
		F01590B21F79663E0078266C /* Build configuration list for PBXNativeTarget "Healthood" */ = {
			isa = XCConfigurationList;
			buildConfigurations = (
				F01590B31F79663E0078266C /* Debug */,
				F01590B41F79663E0078266C /* Release */,
			);
			defaultConfigurationIsVisible = 0;
			defaultConfigurationName = Release;
		};
		F01590B51F79663E0078266C /* Build configuration list for PBXNativeTarget "HealthoodTests" */ = {
			isa = XCConfigurationList;
			buildConfigurations = (
				F01590B61F79663E0078266C /* Debug */,
				F01590B71F79663E0078266C /* Release */,
			);
			defaultConfigurationIsVisible = 0;
			defaultConfigurationName = Release;
		};
/* End XCConfigurationList section */

/* Begin XCVersionGroup section */
		F015909C1F79663E0078266C /* Healthood.xcdatamodeld */ = {
			isa = XCVersionGroup;
			children = (
				F015909D1F79663E0078266C /* Healthood.xcdatamodel */,
			);
			currentVersion = F015909D1F79663E0078266C /* Healthood.xcdatamodel */;
			path = Healthood.xcdatamodeld;
			sourceTree = "<group>";
			versionGroupType = wrapper.xcdatamodel;
		};
/* End XCVersionGroup section */
	};
	rootObject = F015908A1F79663E0078266C /* Project object */;
}
